
Microsoft Visual Studio Solution File, Format Version 12.00
# Visual Studio Version 17
VisualStudioVersion = 17.1.32421.90
MinimumVisualStudioVersion = 10.0.40219.1
Project("{FAE04EC0-301F-11D3-BF4B-00C04F79EFBC}") = "ItemsRepeaterVirtualizationBug", "ItemsRepeaterVirtualizationBug.csproj", "{964F825F-7169-4CB0-ABFA-AAFB4B5301CE}"
EndProject
Global
	GlobalSection(SolutionConfigurationPlatforms) = preSolution
		Debug|arm64 = Debug|arm64
		Debug|x64 = Debug|x64
		Debug|x86 = Debug|x86
		Release|arm64 = Release|arm64
		Release|x64 = Release|x64
		Release|x86 = Release|x86
	EndGlobalSection
	GlobalSection(ProjectConfigurationPlatforms) = postSolution
		{964F825F-7169-4CB0-ABFA-AAFB4B5301CE}.Debug|arm64.ActiveCfg = Debug|arm64
		{964F825F-7169-4CB0-ABFA-AAFB4B5301CE}.Debug|arm64.Build.0 = Debug|arm64
		{964F825F-7169-4CB0-ABFA-AAFB4B5301CE}.Debug|arm64.Deploy.0 = Debug|arm64
		{964F825F-7169-4CB0-ABFA-AAFB4B5301CE}.Debug|x64.ActiveCfg = Debug|x64
		{964F825F-7169-4CB0-ABFA-AAFB4B5301CE}.Debug|x64.Build.0 = Debug|x64
		{964F825F-7169-4CB0-ABFA-AAFB4B5301CE}.Debug|x64.Deploy.0 = Debug|x64
		{964F825F-7169-4CB0-ABFA-AAFB4B5301CE}.Debug|x86.ActiveCfg = Debug|x86
		{964F825F-7169-4CB0-ABFA-AAFB4B5301CE}.Debug|x86.Build.0 = Debug|x86
		{964F825F-7169-4CB0-ABFA-AAFB4B5301CE}.Debug|x86.Deploy.0 = Debug|x86
		{964F825F-7169-4CB0-ABFA-AAFB4B5301CE}.Release|arm64.ActiveCfg = Release|arm64
		{964F825F-7169-4CB0-ABFA-AAFB4B5301CE}.Release|arm64.Build.0 = Release|arm64
		{964F825F-7169-4CB0-ABFA-AAFB4B5301CE}.Release|arm64.Deploy.0 = Release|arm64
		{964F825F-7169-4CB0-ABFA-AAFB4B5301CE}.Release|x64.ActiveCfg = Release|x64
		{964F825F-7169-4CB0-ABFA-AAFB4B5301CE}.Release|x64.Build.0 = Release|x64
		{964F825F-7169-4CB0-ABFA-AAFB4B5301CE}.Release|x64.Deploy.0 = Release|x64
		{964F825F-7169-4CB0-ABFA-AAFB4B5301CE}.Release|x86.ActiveCfg = Release|x86
		{964F825F-7169-4CB0-ABFA-AAFB4B5301CE}.Release|x86.Build.0 = Release|x86
		{964F825F-7169-4CB0-ABFA-AAFB4B5301CE}.Release|x86.Deploy.0 = Release|x86
	EndGlobalSection
	GlobalSection(SolutionProperties) = preSolution
		HideSolutionNode = FALSE
	EndGlobalSection
	GlobalSection(ExtensibilityGlobals) = postSolution
		SolutionGuid = {24B0A214-DF9E-492A-A262-8863835EB457}
	EndGlobalSection
EndGlobal
